PODS:
  - Turbolinks (2.0.0)

DEPENDENCIES:
  - Turbolinks (from `https://github.com/turbolinks/turbolinks-ios.git`)

EXTERNAL SOURCES:
  Turbolinks:
    :git: https://github.com/turbolinks/turbolinks-ios.git

CHECKOUT OPTIONS:
  Turbolinks:
    :commit: 9bd156cd67596c25c5e62f9ae369628b05667c4d
    :git: https://github.com/turbolinks/turbolinks-ios.git

SPEC CHECKSUMS:
  Turbolinks: 3f60819d36350d872b436dc22497a1050c144b95

PODFILE CHECKSUM: ed3d4d6a1eaf8ca10cfc3033aff46cb1732dfc5f

COCOAPODS: 1.3.1
